{
    "_readme": [
        "This file locks the dependencies of your project to a known state",
        "Read more about it at http://getcomposer.org/doc/01-basic-usage.md#composer-lock-the-lock-file",
        "This file is @generated automatically"
    ],
    "hash": "4dc6cc0935de02569eed8246d94cec92",
    "packages": [
        {
            "name": "anahkiasen/underscore-php",
            "version": "dev-master",
            "source": {
                "type": "git",
                "url": "https://github.com/Anahkiasen/underscore-php.git",
                "reference": "f310aea3006d812160f57c04fc8a78062de694a2"
            },
            "dist": {
                "type": "zip",
                "url": "https://api.github.com/repos/Anahkiasen/underscore-php/zipball/f310aea3006d812160f57c04fc8a78062de694a2",
                "reference": "f310aea3006d812160f57c04fc8a78062de694a2",
                "shasum": ""
            },
            "require": {
                "illuminate/support": "~4",
                "patchwork/utf8": "1.1.*",
                "php": ">=5.3.0"
            },
            "type": "library",
            "autoload": {
                "psr-4": {
                    "Underscore\\": [
                        "src",
                        "tests"
                    ]
                }
            },
            "notification-url": "https://packagist.org/downloads/",
            "license": [
                "MIT"
            ],
            "authors": [
                {
                    "name": "Maxime Fabre",
                    "email": "ehtnam6@gmail.com"
                }
            ],
            "description": "A redacted port of Underscore.js for PHP",
            "keywords": [
                "internals",
                "laravel",
                "toolkit"
            ],
            "time": "2014-10-04 13:56:59"
        },
        {
            "name": "artem-frolov/yii-sass",
            "version": "dev-master",
            "source": {
                "type": "git",
                "url": "https://github.com/artem-frolov/yii-sass.git",
                "reference": "7c11035dbe9f821d16a7e6024512884c30b68064"
            },
            "dist": {
                "type": "zip",
                "url": "https://api.github.com/repos/artem-frolov/yii-sass/zipball/7c11035dbe9f821d16a7e6024512884c30b68064",
                "reference": "7c11035dbe9f821d16a7e6024512884c30b68064",
                "shasum": ""
            },
            "require": {
                "leafo/scssphp": "dev-master",
                "leafo/scssphp-compass": "dev-master",
                "php": ">=5.3.0"
            },
            "require-dev": {
                "phpmd/phpmd": "*",
                "phpunit/phpunit": "~4.2",
                "squizlabs/php_codesniffer": "*",
                "yiisoft/yii": "~1.1"
            },
            "type": "library",
            "autoload": {
                "classmap": [
                    "SassHandler.php",
                    "ExtendedScssc.php"
                ]
            },
            "notification-url": "https://packagist.org/downloads/",
            "license": [
                "MIT"
            ],
            "authors": [
                {
                    "name": "Artem Frolov",
                    "email": "artem@frolov.net",
                    "homepage": "http://frolov.net/",
                    "role": "Developer"
                }
            ],
            "description": "Sass (SCSS) and Compass support for the Yii framework",
            "homepage": "https://github.com/artem-frolov/yii-sass",
            "keywords": [
                "compass",
                "css",
                "sass",
                "scss",
                "yii"
            ],
            "time": "2014-11-04 16:25:19"
        },
        {
            "name": "firephp/firephp-core",
            "version": "v0.4.0",
            "source": {
                "type": "git",
                "url": "https://github.com/firephp/firephp-core.git",
                "reference": "fabad0f2503f9577fe8dd2cb1d1c7cd73ed2aacf"
            },
            "dist": {
                "type": "zip",
                "url": "https://api.github.com/repos/firephp/firephp-core/zipball/fabad0f2503f9577fe8dd2cb1d1c7cd73ed2aacf",
                "reference": "fabad0f2503f9577fe8dd2cb1d1c7cd73ed2aacf",
                "shasum": ""
            },
            "type": "library",
            "autoload": {
                "classmap": [
                    "lib/FirePHPCore/FirePHP.class.php",
                    "lib/FirePHPCore/fb.php"
                ]
            },
            "notification-url": "https://packagist.org/downloads/",
            "license": [
                "MIT"
            ],
            "authors": [
                {
                    "name": "Christoph Dorn",
                    "email": "christoph@christophdorn.com",
                    "homepage": "http://christophdorn.com"
                }
            ],
            "description": "Traditional FirePHPCore library for sending PHP variables to the browser.",
            "homepage": "https://github.com/firephp/firephp-core",
            "time": "2013-04-23 15:28:20"
        },
        {
            "name": "illuminate/support",
            "version": "v4.2.9",
            "target-dir": "Illuminate/Support",
            "source": {
                "type": "git",
                "url": "https://github.com/illuminate/support.git",
                "reference": "b6716d34afce6e69523725f2534a5c3a54dba964"
            },
            "dist": {
                "type": "zip",
                "url": "https://api.github.com/repos/illuminate/support/zipball/b6716d34afce6e69523725f2534a5c3a54dba964",
                "reference": "b6716d34afce6e69523725f2534a5c3a54dba964",
                "shasum": ""
            },
            "require": {
                "php": ">=5.4.0"
            },
            "require-dev": {
                "jeremeamia/superclosure": "~1.0",
                "patchwork/utf8": "1.1.*"
            },
            "type": "library",
            "extra": {
                "branch-alias": {
                    "dev-master": "4.2-dev"
                }
            },
            "autoload": {
                "psr-0": {
                    "Illuminate\\Support": ""
                },
                "files": [
                    "Illuminate/Support/helpers.php"
                ]
            },
            "notification-url": "https://packagist.org/downloads/",
            "license": [
                "MIT"
            ],
            "authors": [
                {
                    "name": "Taylor Otwell",
                    "email": "taylorotwell@gmail.com"
                }
            ],
            "time": "2014-09-12 21:42:43"
        },
        {
            "name": "leafo/scssphp",
            "version": "dev-master",
            "source": {
                "type": "git",
                "url": "https://github.com/leafo/scssphp.git",
                "reference": "b65729d314abd13f83507a406246746e278f135d"
            },
            "dist": {
                "type": "zip",
                "url": "https://api.github.com/repos/leafo/scssphp/zipball/b65729d314abd13f83507a406246746e278f135d",
                "reference": "b65729d314abd13f83507a406246746e278f135d",
                "shasum": ""
            },
            "require": {
                "php": ">=5.3.0"
            },
            "require-dev": {
                "phpunit/phpunit": "3.7.*"
            },
            "bin": [
                "bin/pscss"
            ],
            "type": "library",
            "autoload": {
                "classmap": [
                    "classmap.php"
                ],
                "psr-4": {
                    "Leafo\\ScssPhp\\": "src/"
                }
            },
            "notification-url": "https://packagist.org/downloads/",
            "license": [
                "MIT",
                "GPL-3.0"
            ],
            "authors": [
                {
                    "name": "Leaf Corcoran",
                    "email": "leafot@gmail.com",
                    "homepage": "http://leafo.net"
                }
            ],
            "description": "scssphp is a compiler for SCSS written in PHP.",
            "homepage": "http://leafo.net/scssphp/",
            "keywords": [
                "css",
                "less",
                "sass",
                "scss",
                "stylesheet"
            ],
            "time": "2014-11-01 17:49:18"
        },
        {
            "name": "leafo/scssphp-compass",
            "version": "dev-master",
            "source": {
                "type": "git",
                "url": "https://github.com/leafo/scssphp-compass.git",
                "reference": "f1631ddb17731326863954d99b39694f0bbed6ec"
            },
            "dist": {
                "type": "zip",
                "url": "https://api.github.com/repos/leafo/scssphp-compass/zipball/f1631ddb17731326863954d99b39694f0bbed6ec",
                "reference": "f1631ddb17731326863954d99b39694f0bbed6ec",
                "shasum": ""
            },
            "require": {
                "leafo/scssphp": "dev-master"
            },
            "type": "library",
            "autoload": {
                "classmap": [
                    "compass.inc.php"
                ]
            },
            "notification-url": "https://packagist.org/downloads/",
            "authors": [
                {
                    "name": "Leaf Corcoran",
                    "email": "leafot@gmail.com",
                    "homepage": "http://leafo.net"
                }
            ],
            "description": "Compass for scssphp",
            "homepage": "http://leafo.net/scssphp/",
            "time": "2012-08-02 02:04:32"
        },
        {
            "name": "nicmart/tree",
            "version": "v0.2.4",
            "source": {
                "type": "git",
                "url": "https://github.com/nicmart/Tree.git",
                "reference": "db8b5818e90da03d50662b5ed91ba19dd98e7c50"
            },
            "dist": {
                "type": "zip",
                "url": "https://api.github.com/repos/nicmart/Tree/zipball/db8b5818e90da03d50662b5ed91ba19dd98e7c50",
                "reference": "db8b5818e90da03d50662b5ed91ba19dd98e7c50",
                "shasum": ""
            },
            "require": {
                "php": ">=5.4"
            },
            "type": "library",
            "autoload": {
                "psr-0": {
                    "Tree": "src/",
                    "Tree\\Test": "tests"
                }
            },
            "notification-url": "https://packagist.org/downloads/",
            "license": [
                "MIT"
            ],
            "authors": [
                {
                    "name": "Nicolò Martini",
                    "email": "nicmartnic@gmail.com",
                    "homepage": "http://nicolo.martini.io"
                }
            ],
            "description": "A basic but flexible php tree data structure and a fluent tree builder implementation.",
            "time": "2014-06-16 20:34:42"
        },
        {
            "name": "nineinchnick/yii-usr",
            "version": "dev-master",
            "source": {
                "type": "git",
                "url": "https://github.com/nineinchnick/yii-usr.git",
                "reference": "dddaf3966d4da30faa42c7f4b9b17112f59b528b"
            },
            "dist": {
                "type": "zip",
                "url": "https://api.github.com/repos/nineinchnick/yii-usr/zipball/dddaf3966d4da30faa42c7f4b9b17112f59b528b",
                "reference": "dddaf3966d4da30faa42c7f4b9b17112f59b528b",
                "shasum": ""
            },
            "require": {
                "php": ">=5.3.0"
            },
            "type": "library",
            "notification-url": "https://packagist.org/downloads/",
            "license": [
                "BSD-3-Clause"
            ],
            "authors": [
                {
                    "name": "Jan Waś",
                    "email": "janek.jan@gmail.com",
                    "homepage": "http://niix.pl/"
                }
            ],
            "description": "Yii framework module for user authentication, password reset, registration and profile updating.",
            "time": "2014-11-06 15:20:17"
        },
        {
            "name": "patchwork/utf8",
            "version": "v1.1.26",
            "source": {
                "type": "git",
                "url": "https://github.com/tchwork/utf8.git",
                "reference": "6b8e46603b49ee87ad6bceb314da94cc04ffcdce"
            },
            "dist": {
                "type": "zip",
                "url": "https://api.github.com/repos/tchwork/utf8/zipball/6b8e46603b49ee87ad6bceb314da94cc04ffcdce",
                "reference": "6b8e46603b49ee87ad6bceb314da94cc04ffcdce",
                "shasum": ""
            },
            "require": {
                "lib-pcre": ">=7.3",
                "php": ">=5.3.0"
            },
            "suggest": {
                "ext-iconv": "Use iconv for best performance",
                "ext-intl": "Use Intl for best performance",
                "ext-mbstring": "Use Mbstring for best performance"
            },
            "type": "library",
            "extra": {
                "branch-alias": {
                    "dev-master": "1.1-dev"
                }
            },
            "autoload": {
                "psr-0": {
                    "Patchwork": "class/",
                    "Normalizer": "class/"
                }
            },
            "notification-url": "https://packagist.org/downloads/",
            "license": [
                "(Apache-2.0 or GPL-2.0)"
            ],
            "authors": [
                {
                    "name": "Nicolas Grekas",
                    "email": "p@tchwork.com"
                }
            ],
            "description": "Portable and performant UTF-8, Unicode and Grapheme Clusters for PHP",
            "homepage": "https://github.com/tchwork/utf8",
            "keywords": [
                "grapheme",
                "i18n",
                "unicode",
                "utf-8",
                "utf8"
            ],
            "time": "2014-11-08 10:13:25"
        },
        {
            "name": "shiki/yii-firephp",
            "version": "dev-master",
            "source": {
                "type": "git",
                "url": "https://github.com/shiki/yii-firephp.git",
                "reference": "93dfb80d83bf21d8562084f90d7c2aebf2bf352e"
            },
            "dist": {
                "type": "zip",
                "url": "https://api.github.com/repos/shiki/yii-firephp/zipball/93dfb80d83bf21d8562084f90d7c2aebf2bf352e",
                "reference": "93dfb80d83bf21d8562084f90d7c2aebf2bf352e",
                "shasum": ""
            },
            "require": {
                "firephp/firephp-core": ">=0.4.0",
                "php": ">=5.3.0"
            },
            "type": "library",
            "extra": {
                "branch-alias": {
                    "dev-master": "0.3.x-dev"
                }
            },
            "autoload": {
                "psr-0": {
                    "SK": "lib"
                }
            },
            "notification-url": "https://packagist.org/downloads/",
            "license": [
                "MIT"
            ],
            "authors": [
                {
                    "name": "BJ Basañes",
                    "email": "bj@basanes.net",
                    "homepage": "http://shiki.me"
                }
            ],
            "description": "FirePHP extension for Yii Framework.",
            "homepage": "https://github.com/shiki/yii-firephp",
            "keywords": [
                "firebug",
                "firephp",
                "log",
                "logging",
                "profile",
                "profiling",
                "yii"
            ],
            "time": "2013-11-16 00:52:40"
        },
        {
            "name": "yiisoft/yii",
            "version": "1.1.15",
            "source": {
                "type": "git",
                "url": "https://github.com/yiisoft/yii.git",
                "reference": "022a51d34ad2c95db2b77b2075e98f5dd78b08e0"
            },
            "dist": {
                "type": "zip",
                "url": "https://api.github.com/repos/yiisoft/yii/zipball/022a51d34ad2c95db2b77b2075e98f5dd78b08e0",
                "reference": "022a51d34ad2c95db2b77b2075e98f5dd78b08e0",
                "shasum": ""
            },
            "require": {
                "php": ">=5.1.0"
            },
            "bin": [
                "framework/yiic"
            ],
            "type": "library",
            "notification-url": "https://packagist.org/downloads/",
            "license": [
                "BSD-3-Clause"
            ],
            "authors": [
                {
                    "name": "Qiang Xue",
                    "email": "qiang.xue@gmail.com",
                    "homepage": "http://www.yiiframework.com/",
                    "role": "Founder and project lead"
                },
                {
                    "name": "Alexander Makarov",
                    "email": "sam@rmcreative.ru",
                    "homepage": "http://rmcreative.ru/",
                    "role": "Core framework development"
                },
                {
                    "name": "Maurizio Domba",
                    "homepage": "http://mdomba.info/",
                    "role": "Core framework development"
                },
                {
                    "name": "Carsten Brandt",
                    "email": "mail@cebe.cc",
                    "homepage": "http://cebe.cc/",
                    "role": "Core framework development"
                },
                {
                    "name": "Wei Zhuo",
                    "email": "weizhuo@gmail.com",
                    "role": "Project site maintenance and development"
                },
                {
                    "name": "Sebastián Thierer",
                    "email": "sebas@artfos.com",
                    "role": "Component development"
                },
                {
                    "name": "Jeffrey Winesett",
                    "email": "jefftulsa@gmail.com",
                    "role": "Documentation and marketing"
                },
                {
                    "name": "Timur Ruziev",
                    "email": "resurtm@gmail.com",
                    "homepage": "http://resurtm.com/",
                    "role": "Core framework development"
                },
                {
                    "name": "Paul Klimov",
                    "email": "klimov.paul@gmail.com",
                    "role": "Core framework development"
                }
            ],
            "description": "Yii Web Programming Framework",
            "homepage": "http://www.yiiframework.com/",
            "keywords": [
                "framework",
                "yii"
            ],
            "time": "2014-06-30 00:14:27"
        }
    ],
    "packages-dev": [],
    "aliases": [],
    "minimum-stability": "stable",
    "stability-flags": {
        "leafo/scssphp": 20,
        "leafo/scssphp-compass": 20,
        "artem-frolov/yii-sass": 20,
        "nineinchnick/yii-usr": 20,
        "shiki/yii-firephp": 20,
        "anahkiasen/underscore-php": 20
    },
    "prefer-stable": false,
    "platform": {
        "php": ">=5.3.0"
    },
    "platform-dev": []
}
